// !$*UTF8*$!
{
	archiveVersion = 1;
	classes = {
	};
	objectVersion = 46;
	objects = {

/* Begin PBXBuildFile section */
		E22EA8151E12849F006AD452 /* ANSunView.m in Sources */ = {isa = PBXBuildFile; fileRef = E22EA8141E12849F006AD452 /* ANSunView.m */; };
		E22EA8181E129746006AD452 /* ANCloudImageView.m in Sources */ = {isa = PBXBuildFile; fileRef = E22EA8171E129746006AD452 /* ANCloudImageView.m */; };
		E2633BD71E10F87100C0A93D /* main.m in Sources */ = {isa = PBXBuildFile; fileRef = E2633BD61E10F87100C0A93D /* main.m */; };
		E2633BDA1E10F87100C0A93D /* AppDelegate.m in Sources */ = {isa = PBXBuildFile; fileRef = E2633BD91E10F87100C0A93D /* AppDelegate.m */; };
		E2633BE01E10F87100C0A93D /* Main.storyboard in Resources */ = {isa = PBXBuildFile; fileRef = E2633BDE1E10F87100C0A93D /* Main.storyboard */; };
		E2633BE21E10F87100C0A93D /* Assets.xcassets in Resources */ = {isa = PBXBuildFile; fileRef = E2633BE11E10F87100C0A93D /* Assets.xcassets */; };
		E2633BE51E10F87100C0A93D /* LaunchScreen.storyboard in Resources */ = {isa = PBXBuildFile; fileRef = E2633BE31E10F87100C0A93D /* LaunchScreen.storyboard */; };
		E2633BEF1E1103D700C0A93D /* CloudKit.m in Sources */ = {isa = PBXBuildFile; fileRef = E2633BEE1E1103D700C0A93D /* CloudKit.m */; };
		E2633BFD1E110D6400C0A93D /* ANCloudViewController.m in Sources */ = {isa = PBXBuildFile; fileRef = E2633BF91E110D6400C0A93D /* ANCloudViewController.m */; };
		E2633C0E1E11162800C0A93D /* ANGradientView.m in Sources */ = {isa = PBXBuildFile; fileRef = E2633C0C1E11162800C0A93D /* ANGradientView.m */; };
		E2633C111E111FF600C0A93D /* ANAnimatedView.m in Sources */ = {isa = PBXBuildFile; fileRef = E2633C101E111FF600C0A93D /* ANAnimatedView.m */; };
/* End PBXBuildFile section */

/* Begin PBXFileReference section */
		E22EA8131E12849F006AD452 /* ANSunView.h */ = {isa = PBXFileReference; fileEncoding = 4; lastKnownFileType = sourcecode.c.h; path = ANSunView.h; sourceTree = "<group>"; };
		E22EA8141E12849F006AD452 /* ANSunView.m */ = {isa = PBXFileReference; fileEncoding = 4; lastKnownFileType = sourcecode.c.objc; path = ANSunView.m; sourceTree = "<group>"; };
		E22EA8161E129746006AD452 /* ANCloudImageView.h */ = {isa = PBXFileReference; fileEncoding = 4; lastKnownFileType = sourcecode.c.h; path = ANCloudImageView.h; sourceTree = "<group>"; };
		E22EA8171E129746006AD452 /* ANCloudImageView.m */ = {isa = PBXFileReference; fileEncoding = 4; lastKnownFileType = sourcecode.c.objc; path = ANCloudImageView.m; sourceTree = "<group>"; };
		E2633BD21E10F87100C0A93D /* ANAnimatedClouds.app */ = {isa = PBXFileReference; explicitFileType = wrapper.application; includeInIndex = 0; path = ANAnimatedClouds.app; sourceTree = BUILT_PRODUCTS_DIR; };
		E2633BD61E10F87100C0A93D /* main.m */ = {isa = PBXFileReference; lastKnownFileType = sourcecode.c.objc; path = main.m; sourceTree = "<group>"; };
		E2633BD81E10F87100C0A93D /* AppDelegate.h */ = {isa = PBXFileReference; lastKnownFileType = sourcecode.c.h; path = AppDelegate.h; sourceTree = "<group>"; };
		E2633BD91E10F87100C0A93D /* AppDelegate.m */ = {isa = PBXFileReference; lastKnownFileType = sourcecode.c.objc; path = AppDelegate.m; sourceTree = "<group>"; };
		E2633BDF1E10F87100C0A93D /* Base */ = {isa = PBXFileReference; lastKnownFileType = file.storyboard; name = Base; path = Base.lproj/Main.storyboard; sourceTree = "<group>"; };
		E2633BE11E10F87100C0A93D /* Assets.xcassets */ = {isa = PBXFileReference; lastKnownFileType = folder.assetcatalog; path = Assets.xcassets; sourceTree = "<group>"; };
		E2633BE41E10F87100C0A93D /* Base */ = {isa = PBXFileReference; lastKnownFileType = file.storyboard; name = Base; path = Base.lproj/LaunchScreen.storyboard; sourceTree = "<group>"; };
		E2633BE61E10F87100C0A93D /* Info.plist */ = {isa = PBXFileReference; lastKnownFileType = text.plist.xml; path = Info.plist; sourceTree = "<group>"; };
		E2633BED1E1103D700C0A93D /* CloudKit.h */ = {isa = PBXFileReference; fileEncoding = 4; lastKnownFileType = sourcecode.c.h; path = CloudKit.h; sourceTree = "<group>"; };
		E2633BEE1E1103D700C0A93D /* CloudKit.m */ = {isa = PBXFileReference; fileEncoding = 4; lastKnownFileType = sourcecode.c.objc; path = CloudKit.m; sourceTree = "<group>"; };
		E2633BF81E110D6400C0A93D /* ANCloudViewController.h */ = {isa = PBXFileReference; fileEncoding = 4; lastKnownFileType = sourcecode.c.h; path = ANCloudViewController.h; sourceTree = "<group>"; };
		E2633BF91E110D6400C0A93D /* ANCloudViewController.m */ = {isa = PBXFileReference; fileEncoding = 4; lastKnownFileType = sourcecode.c.objc; path = ANCloudViewController.m; sourceTree = "<group>"; };
		E2633C0B1E11162800C0A93D /* ANGradientView.h */ = {isa = PBXFileReference; fileEncoding = 4; lastKnownFileType = sourcecode.c.h; path = ANGradientView.h; sourceTree = "<group>"; };
		E2633C0C1E11162800C0A93D /* ANGradientView.m */ = {isa = PBXFileReference; fileEncoding = 4; lastKnownFileType = sourcecode.c.objc; path = ANGradientView.m; sourceTree = "<group>"; };
		E2633C0F1E111FF600C0A93D /* ANAnimatedView.h */ = {isa = PBXFileReference; fileEncoding = 4; lastKnownFileType = sourcecode.c.h; path = ANAnimatedView.h; sourceTree = "<group>"; };
		E2633C101E111FF600C0A93D /* ANAnimatedView.m */ = {isa = PBXFileReference; fileEncoding = 4; lastKnownFileType = sourcecode.c.objc; path = ANAnimatedView.m; sourceTree = "<group>"; };
/* End PBXFileReference section */

/* Begin PBXFrameworksBuildPhase section */
		E2633BCF1E10F87100C0A93D /* Frameworks */ = {
			isa = PBXFrameworksBuildPhase;
			buildActionMask = 2147483647;
			files = (
			);
			runOnlyForDeploymentPostprocessing = 0;
		};
/* End PBXFrameworksBuildPhase section */

/* Begin PBXGroup section */
		E2633BC91E10F87100C0A93D = {
			isa = PBXGroup;
			children = (
				E2633BD41E10F87100C0A93D /* ANAnimatedClouds */,
				E2633BD31E10F87100C0A93D /* Products */,
			);
			sourceTree = "<group>";
		};
		E2633BD31E10F87100C0A93D /* Products */ = {
			isa = PBXGroup;
			children = (
				E2633BD21E10F87100C0A93D /* ANAnimatedClouds.app */,
			);
			name = Products;
			sourceTree = "<group>";
		};
		E2633BD41E10F87100C0A93D /* ANAnimatedClouds */ = {
			isa = PBXGroup;
			children = (
				E2633BD81E10F87100C0A93D /* AppDelegate.h */,
				E2633BD91E10F87100C0A93D /* AppDelegate.m */,
				E2633BDE1E10F87100C0A93D /* Main.storyboard */,
				E2633BF71E110D6400C0A93D /* example */,
				E2633BE11E10F87100C0A93D /* Assets.xcassets */,
				E2633BE31E10F87100C0A93D /* LaunchScreen.storyboard */,
				E2633BE61E10F87100C0A93D /* Info.plist */,
				E2633BEC1E1103D700C0A93D /* cloudKit */,
				E2633BD51E10F87100C0A93D /* Supporting Files */,
			);
			path = ANAnimatedClouds;
			sourceTree = "<group>";
		};
		E2633BD51E10F87100C0A93D /* Supporting Files */ = {
			isa = PBXGroup;
			children = (
				E2633BD61E10F87100C0A93D /* main.m */,
			);
			name = "Supporting Files";
			sourceTree = "<group>";
		};
		E2633BEC1E1103D700C0A93D /* cloudKit */ = {
			isa = PBXGroup;
			children = (
				E2633BED1E1103D700C0A93D /* CloudKit.h */,
				E2633BEE1E1103D700C0A93D /* CloudKit.m */,
			);
			path = cloudKit;
			sourceTree = "<group>";
		};
		E2633BF71E110D6400C0A93D /* example */ = {
			isa = PBXGroup;
			children = (
				E2633C081E11162800C0A93D /* views */,
				E2633BF81E110D6400C0A93D /* ANCloudViewController.h */,
				E2633BF91E110D6400C0A93D /* ANCloudViewController.m */,
			);
			path = example;
			sourceTree = "<group>";
		};
		E2633C081E11162800C0A93D /* views */ = {
			isa = PBXGroup;
			children = (
				E22EA8161E129746006AD452 /* ANCloudImageView.h */,
				E22EA8171E129746006AD452 /* ANCloudImageView.m */,
				E22EA8131E12849F006AD452 /* ANSunView.h */,
				E22EA8141E12849F006AD452 /* ANSunView.m */,
				E2633C0F1E111FF600C0A93D /* ANAnimatedView.h */,
				E2633C101E111FF600C0A93D /* ANAnimatedView.m */,
				E2633C0B1E11162800C0A93D /* ANGradientView.h */,
				E2633C0C1E11162800C0A93D /* ANGradientView.m */,
			);
			path = views;
			sourceTree = "<group>";
		};
/* End PBXGroup section */

/* Begin PBXNativeTarget section */
		E2633BD11E10F87100C0A93D /* ANAnimatedClouds */ = {
			isa = PBXNativeTarget;
			buildConfigurationList = E2633BE91E10F87100C0A93D /* Build configuration list for PBXNativeTarget "ANAnimatedClouds" */;
			buildPhases = (
				E2633BCE1E10F87100C0A93D /* Sources */,
				E2633BCF1E10F87100C0A93D /* Frameworks */,
				E2633BD01E10F87100C0A93D /* Resources */,
			);
			buildRules = (
			);
			dependencies = (
			);
			name = ANAnimatedClouds;
			productName = ANAnimatedClouds;
			productReference = E2633BD21E10F87100C0A93D /* ANAnimatedClouds.app */;
			productType = "com.apple.product-type.application";
		};
/* End PBXNativeTarget section */

/* Begin PBXProject section */
		E2633BCA1E10F87100C0A93D /* Project object */ = {
			isa = PBXProject;
			attributes = {
				LastUpgradeCheck = 0820;
				ORGANIZATIONNAME = "Your live";
				TargetAttributes = {
					E2633BD11E10F87100C0A93D = {
						CreatedOnToolsVersion = 8.2.1;
						DevelopmentTeam = 93EGZT6P33;
						ProvisioningStyle = Automatic;
					};
				};
			};
			buildConfigurationList = E2633BCD1E10F87100C0A93D /* Build configuration list for PBXProject "ANAnimatedClouds" */;
			compatibilityVersion = "Xcode 3.2";
			developmentRegion = English;
			hasScannedForEncodings = 0;
			knownRegions = (
				en,
				Base,
			);
			mainGroup = E2633BC91E10F87100C0A93D;
			productRefGroup = E2633BD31E10F87100C0A93D /* Products */;
			projectDirPath = "";
			projectRoot = "";
			targets = (
				E2633BD11E10F87100C0A93D /* ANAnimatedClouds */,
			);
		};
/* End PBXProject section */

/* Begin PBXResourcesBuildPhase section */
		E2633BD01E10F87100C0A93D /* Resources */ = {
			isa = PBXResourcesBuildPhase;
			buildActionMask = 2147483647;
			files = (
				E2633BE51E10F87100C0A93D /* LaunchScreen.storyboard in Resources */,
				E2633BE21E10F87100C0A93D /* Assets.xcassets in Resources */,
				E2633BE01E10F87100C0A93D /* Main.storyboard in Resources */,
			);
			runOnlyForDeploymentPostprocessing = 0;
		};
/* End PBXResourcesBuildPhase section */

/* Begin PBXSourcesBuildPhase section */
		E2633BCE1E10F87100C0A93D /* Sources */ = {
			isa = PBXSourcesBuildPhase;
			buildActionMask = 2147483647;
			files = (
				E2633C111E111FF600C0A93D /* ANAnimatedView.m in Sources */,
				E2633BEF1E1103D700C0A93D /* CloudKit.m in Sources */,
				E22EA8181E129746006AD452 /* ANCloudImageView.m in Sources */,
				E2633C0E1E11162800C0A93D /* ANGradientView.m in Sources */,
				E2633BDA1E10F87100C0A93D /* AppDelegate.m in Sources */,
				E2633BD71E10F87100C0A93D /* main.m in Sources */,
				E22EA8151E12849F006AD452 /* ANSunView.m in Sources */,
				E2633BFD1E110D6400C0A93D /* ANCloudViewController.m in Sources */,
			);
			runOnlyForDeploymentPostprocessing = 0;
		};
/* End PBXSourcesBuildPhase section */

/* Begin PBXVariantGroup section */
		E2633BDE1E10F87100C0A93D /* Main.storyboard */ = {
			isa = PBXVariantGroup;
			children = (
				E2633BDF1E10F87100C0A93D /* Base */,
			);
			name = Main.storyboard;
			sourceTree = "<group>";
		};
		E2633BE31E10F87100C0A93D /* LaunchScreen.storyboard */ = {
			isa = PBXVariantGroup;
			children = (
				E2633BE41E10F87100C0A93D /* Base */,
			);
			name = LaunchScreen.storyboard;
			sourceTree = "<group>";
		};
/* End PBXVariantGroup section */

/* Begin XCBuildConfiguration section */
		E2633BE71E10F87100C0A93D /* Debug */ = {
			isa = XCBuildConfiguration;
			buildSettings = {
				ALWAYS_SEARCH_USER_PATHS = NO;
				CLANG_ANALYZER_NONNULL = YES;
				CLANG_CXX_LANGUAGE_STANDARD = "gnu++0x";
				CLANG_CXX_LIBRARY = "libc++";
				CLANG_ENABLE_MODULES = YES;
				CLANG_ENABLE_OBJC_ARC = YES;
				CLANG_WARN_BOOL_CONVERSION = YES;
				CLANG_WARN_CONSTANT_CONVERSION = YES;
				CLANG_WARN_DIRECT_OBJC_ISA_USAGE = YES_ERROR;
				CLANG_WARN_DOCUMENTATION_COMMENTS = YES;
				CLANG_WARN_EMPTY_BODY = YES;
				CLANG_WARN_ENUM_CONVERSION = YES;
				CLANG_WARN_INFINITE_RECURSION = YES;
				CLANG_WARN_INT_CONVERSION = YES;
				CLANG_WARN_OBJC_ROOT_CLASS = YES_ERROR;
				CLANG_WARN_SUSPICIOUS_MOVE = YES;
				CLANG_WARN_UNREACHABLE_CODE = YES;
				CLANG_WARN__DUPLICATE_METHOD_MATCH = YES;
				"CODE_SIGN_IDENTITY[sdk=iphoneos*]" = "iPhone Developer";
				COPY_PHASE_STRIP = NO;
				DEBUG_INFORMATION_FORMAT = dwarf;
				ENABLE_STRICT_OBJC_MSGSEND = YES;
				ENABLE_TESTABILITY = YES;
				GCC_C_LANGUAGE_STANDARD = gnu99;
				GCC_DYNAMIC_NO_PIC = NO;
				GCC_NO_COMMON_BLOCKS = YES;
				GCC_OPTIMIZATION_LEVEL = 0;
				GCC_PREPROCESSOR_DEFINITIONS = (
					"DEBUG=1",
					"$(inherited)",
				);
				GCC_WARN_64_TO_32_BIT_CONVERSION = YES;
				GCC_WARN_ABOUT_RETURN_TYPE = YES_ERROR;
				GCC_WARN_UNDECLARED_SELECTOR = YES;
				GCC_WARN_UNINITIALIZED_AUTOS = YES_AGGRESSIVE;
				GCC_WARN_UNUSED_FUNCTION = YES;
				GCC_WARN_UNUSED_VARIABLE = YES;
				IPHONEOS_DEPLOYMENT_TARGET = 10.2;
				MTL_ENABLE_DEBUG_INFO = YES;
				ONLY_ACTIVE_ARCH = YES;
				SDKROOT = iphoneos;
			};
			name = Debug;
		};
		E2633BE81E10F87100C0A93D /* Release */ = {
			isa = XCBuildConfiguration;
			buildSettings = {
				ALWAYS_SEARCH_USER_PATHS = NO;
				CLANG_ANALYZER_NONNULL = YES;
				CLANG_CXX_LANGUAGE_STANDARD = "gnu++0x";
				CLANG_CXX_LIBRARY = "libc++";
				CLANG_ENABLE_MODULES = YES;
				CLANG_ENABLE_OBJC_ARC = YES;
				CLANG_WARN_BOOL_CONVERSION = YES;
				CLANG_WARN_CONSTANT_CONVERSION = YES;
				CLANG_WARN_DIRECT_OBJC_ISA_USAGE = YES_ERROR;
				CLANG_WARN_DOCUMENTATION_COMMENTS = YES;
				CLANG_WARN_EMPTY_BODY = YES;
				CLANG_WARN_ENUM_CONVERSION = YES;
				CLANG_WARN_INFINITE_RECURSION = YES;
				CLANG_WARN_INT_CONVERSION = YES;
				CLANG_WARN_OBJC_ROOT_CLASS = YES_ERROR;
				CLANG_WARN_SUSPICIOUS_MOVE = YES;
				CLANG_WARN_UNREACHABLE_CODE = YES;
				CLANG_WARN__DUPLICATE_METHOD_MATCH = YES;
				"CODE_SIGN_IDENTITY[sdk=iphoneos*]" = "iPhone Developer";
				COPY_PHASE_STRIP = NO;
				DEBUG_INFORMATION_FORMAT = "dwarf-with-dsym";
				ENABLE_NS_ASSERTIONS = NO;
				ENABLE_STRICT_OBJC_MSGSEND = YES;
				GCC_C_LANGUAGE_STANDARD = gnu99;
				GCC_NO_COMMON_BLOCKS = YES;
				GCC_WARN_64_TO_32_BIT_CONVERSION = YES;
				GCC_WARN_ABOUT_RETURN_TYPE = YES_ERROR;
				GCC_WARN_UNDECLARED_SELECTOR = YES;
				GCC_WARN_UNINITIALIZED_AUTOS = YES_AGGRESSIVE;
				GCC_WARN_UNUSED_FUNCTION = YES;
				GCC_WARN_UNUSED_VARIABLE = YES;
				IPHONEOS_DEPLOYMENT_TARGET = 10.2;
				MTL_ENABLE_DEBUG_INFO = NO;
				SDKROOT = iphoneos;
				VALIDATE_PRODUCT = YES;
			};
			name = Release;
		};
		E2633BEA1E10F87100C0A93D /* Debug */ = {
			isa = XCBuildConfiguration;
			buildSettings = {
				ASSETCATALOG_COMPILER_APPICON_NAME = AppIcon;
				DEVELOPMENT_TEAM = 93EGZT6P33;
				INFOPLIST_FILE = ANAnimatedClouds/Info.plist;
				IPHONEOS_DEPLOYMENT_TARGET = 8.2;
				LD_RUNPATH_SEARCH_PATHS = "$(inherited) @executable_path/Frameworks";
				PRODUCT_BUNDLE_IDENTIFIER = com.aabushmeleva.ANAnimatedClouds;
				PRODUCT_NAME = "$(TARGET_NAME)";
			};
			name = Debug;
		};
		E2633BEB1E10F87100C0A93D /* Release */ = {
			isa = XCBuildConfiguration;
			buildSettings = {
				ASSETCATALOG_COMPILER_APPICON_NAME = AppIcon;
				DEVELOPMENT_TEAM = 93EGZT6P33;
				INFOPLIST_FILE = ANAnimatedClouds/Info.plist;
				IPHONEOS_DEPLOYMENT_TARGET = 8.2;
				LD_RUNPATH_SEARCH_PATHS = "$(inherited) @executable_path/Frameworks";
				PRODUCT_BUNDLE_IDENTIFIER = com.aabushmeleva.ANAnimatedClouds;
				PRODUCT_NAME = "$(TARGET_NAME)";
			};
			name = Release;
		};
/* End XCBuildConfiguration section */

/* Begin XCConfigurationList section */
		E2633BCD1E10F87100C0A93D /* Build configuration list for PBXProject "ANAnimatedClouds" */ = {
			isa = XCConfigurationList;
			buildConfigurations = (
				E2633BE71E10F87100C0A93D /* Debug */,
				E2633BE81E10F87100C0A93D /* Release */,
			);
			defaultConfigurationIsVisible = 0;
			defaultConfigurationName = Release;
		};
		E2633BE91E10F87100C0A93D /* Build configuration list for PBXNativeTarget "ANAnimatedClouds" */ = {
			isa = XCConfigurationList;
			buildConfigurations = (
				E2633BEA1E10F87100C0A93D /* Debug */,
				E2633BEB1E10F87100C0A93D /* Release */,
			);
			defaultConfigurationIsVisible = 0;
			defaultConfigurationName = Release;
		};
/* End XCConfigurationList section */
	};
	rootObject = E2633BCA1E10F87100C0A93D /* Project object */;
}
